
Microsoft Visual Studio Solution File, Format Version 12.00
# Visual Studio Version 16
VisualStudioVersion = 16.0.29609.76
MinimumVisualStudioVersion = 10.0.40219.1
Project("{FAE04EC0-301F-11D3-BF4B-00C04F79EFBC}") = "xLiAd.AspectCache.Core", "xLiAd.AspectCache.Core\xLiAd.AspectCache.Core.csproj", "{9888A51E-9E8B-4108-8C7B-DF406EEBC928}"
EndProject
Project("{FAE04EC0-301F-11D3-BF4B-00C04F79EFBC}") = "xLiAd.AspectCache.Redis", "xLiAd.AspectCache.Redis\xLiAd.AspectCache.Redis.csproj", "{6AA33357-5F58-48FE-AAA8-C55C2CCD4E9A}"
EndProject
Project("{FAE04EC0-301F-11D3-BF4B-00C04F79EFBC}") = "xLiAd.AspectCache.Redis.Test", "xLiAd.AspectCache.Redis.Test\xLiAd.AspectCache.Redis.Test.csproj", "{63A0D6DA-8454-43B9-84AD-696CE7CC810F}"
EndProject
Global
	GlobalSection(SolutionConfigurationPlatforms) = preSolution
		Debug|Any CPU = Debug|Any CPU
		Release|Any CPU = Release|Any CPU
	EndGlobalSection
	GlobalSection(ProjectConfigurationPlatforms) = postSolution
		{9888A51E-9E8B-4108-8C7B-DF406EEBC928}.Debug|Any CPU.ActiveCfg = Debug|Any CPU
		{9888A51E-9E8B-4108-8C7B-DF406EEBC928}.Debug|Any CPU.Build.0 = Debug|Any CPU
		{9888A51E-9E8B-4108-8C7B-DF406EEBC928}.Release|Any CPU.ActiveCfg = Release|Any CPU
		{9888A51E-9E8B-4108-8C7B-DF406EEBC928}.Release|Any CPU.Build.0 = Release|Any CPU
		{6AA33357-5F58-48FE-AAA8-C55C2CCD4E9A}.Debug|Any CPU.ActiveCfg = Debug|Any CPU
		{6AA33357-5F58-48FE-AAA8-C55C2CCD4E9A}.Debug|Any CPU.Build.0 = Debug|Any CPU
		{6AA33357-5F58-48FE-AAA8-C55C2CCD4E9A}.Release|Any CPU.ActiveCfg = Release|Any CPU
		{6AA33357-5F58-48FE-AAA8-C55C2CCD4E9A}.Release|Any CPU.Build.0 = Release|Any CPU
		{63A0D6DA-8454-43B9-84AD-696CE7CC810F}.Debug|Any CPU.ActiveCfg = Debug|Any CPU
		{63A0D6DA-8454-43B9-84AD-696CE7CC810F}.Debug|Any CPU.Build.0 = Debug|Any CPU
		{63A0D6DA-8454-43B9-84AD-696CE7CC810F}.Release|Any CPU.ActiveCfg = Release|Any CPU
		{63A0D6DA-8454-43B9-84AD-696CE7CC810F}.Release|Any CPU.Build.0 = Release|Any CPU
	EndGlobalSection
	GlobalSection(SolutionProperties) = preSolution
		HideSolutionNode = FALSE
	EndGlobalSection
	GlobalSection(ExtensibilityGlobals) = postSolution
		SolutionGuid = {026CC7E0-4225-4779-9E3D-52E5F6440FAF}
	EndGlobalSection
EndGlobal
