
Microsoft Visual Studio Solution File, Format Version 12.00
# Visual Studio Version 16
VisualStudioVersion = 16.0.29609.76
MinimumVisualStudioVersion = 10.0.40219.1
Project("{9A19103F-16F7-4668-BE54-9A1E7A4F7556}") = "xLiAd.AspectCache.Core", "xLiAd.AspectCache.Core\xLiAd.AspectCache.Core.csproj", "{9888A51E-9E8B-4108-8C7B-DF406EEBC928}"
EndProject
Project("{9A19103F-16F7-4668-BE54-9A1E7A4F7556}") = "xLiAd.AspectCache.Redis", "xLiAd.AspectCache.Redis\xLiAd.AspectCache.Redis.csproj", "{6AA33357-5F58-48FE-AAA8-C55C2CCD4E9A}"
EndProject
Project("{9A19103F-16F7-4668-BE54-9A1E7A4F7556}") = "xLiAd.AspectCache.Redis.Test", "xLiAd.AspectCache.Redis.Test\xLiAd.AspectCache.Redis.Test.csproj", "{63A0D6DA-8454-43B9-84AD-696CE7CC810F}"
EndProject
Project("{9A19103F-16F7-4668-BE54-9A1E7A4F7556}") = "xLiAd.AspectCache.Memory", "xLiAd.AspectCache.Memory\xLiAd.AspectCache.Memory.csproj", "{3ABEC404-1CD5-4EBD-8EA3-CA9BECD751F3}"
EndProject
Project("{9A19103F-16F7-4668-BE54-9A1E7A4F7556}") = "xLiAd.AspectCache.Memory.Test", "xLiAd.AspectCache.Memory.Test\xLiAd.AspectCache.Memory.Test.csproj", "{1CF2D09A-B202-4619-9C69-04635342F805}"
EndProject
Project("{FAE04EC0-301F-11D3-BF4B-00C04F79EFBC}") = "xLiAd.AspectCache.Core.Test", "xLiAd.AspectCache.Core.Test\xLiAd.AspectCache.Core.Test.csproj", "{9EC5E0E7-24B7-412E-9A31-CB3191133902}"
EndProject
Global
	GlobalSection(SolutionConfigurationPlatforms) = preSolution
		Debug|Any CPU = Debug|Any CPU
		Release|Any CPU = Release|Any CPU
	EndGlobalSection
	GlobalSection(ProjectConfigurationPlatforms) = postSolution
		{9888A51E-9E8B-4108-8C7B-DF406EEBC928}.Debug|Any CPU.ActiveCfg = Debug|Any CPU
		{9888A51E-9E8B-4108-8C7B-DF406EEBC928}.Debug|Any CPU.Build.0 = Debug|Any CPU
		{9888A51E-9E8B-4108-8C7B-DF406EEBC928}.Release|Any CPU.ActiveCfg = Release|Any CPU
		{9888A51E-9E8B-4108-8C7B-DF406EEBC928}.Release|Any CPU.Build.0 = Release|Any CPU
		{6AA33357-5F58-48FE-AAA8-C55C2CCD4E9A}.Debug|Any CPU.ActiveCfg = Debug|Any CPU
		{6AA33357-5F58-48FE-AAA8-C55C2CCD4E9A}.Debug|Any CPU.Build.0 = Debug|Any CPU
		{6AA33357-5F58-48FE-AAA8-C55C2CCD4E9A}.Release|Any CPU.ActiveCfg = Release|Any CPU
		{6AA33357-5F58-48FE-AAA8-C55C2CCD4E9A}.Release|Any CPU.Build.0 = Release|Any CPU
		{63A0D6DA-8454-43B9-84AD-696CE7CC810F}.Debug|Any CPU.ActiveCfg = Debug|Any CPU
		{63A0D6DA-8454-43B9-84AD-696CE7CC810F}.Debug|Any CPU.Build.0 = Debug|Any CPU
		{63A0D6DA-8454-43B9-84AD-696CE7CC810F}.Release|Any CPU.ActiveCfg = Release|Any CPU
		{63A0D6DA-8454-43B9-84AD-696CE7CC810F}.Release|Any CPU.Build.0 = Release|Any CPU
		{3ABEC404-1CD5-4EBD-8EA3-CA9BECD751F3}.Debug|Any CPU.ActiveCfg = Debug|Any CPU
		{3ABEC404-1CD5-4EBD-8EA3-CA9BECD751F3}.Debug|Any CPU.Build.0 = Debug|Any CPU
		{3ABEC404-1CD5-4EBD-8EA3-CA9BECD751F3}.Release|Any CPU.ActiveCfg = Release|Any CPU
		{3ABEC404-1CD5-4EBD-8EA3-CA9BECD751F3}.Release|Any CPU.Build.0 = Release|Any CPU
		{1CF2D09A-B202-4619-9C69-04635342F805}.Debug|Any CPU.ActiveCfg = Debug|Any CPU
		{1CF2D09A-B202-4619-9C69-04635342F805}.Debug|Any CPU.Build.0 = Debug|Any CPU
		{1CF2D09A-B202-4619-9C69-04635342F805}.Release|Any CPU.ActiveCfg = Release|Any CPU
		{1CF2D09A-B202-4619-9C69-04635342F805}.Release|Any CPU.Build.0 = Release|Any CPU
		{9EC5E0E7-24B7-412E-9A31-CB3191133902}.Debug|Any CPU.ActiveCfg = Debug|Any CPU
		{9EC5E0E7-24B7-412E-9A31-CB3191133902}.Debug|Any CPU.Build.0 = Debug|Any CPU
		{9EC5E0E7-24B7-412E-9A31-CB3191133902}.Release|Any CPU.ActiveCfg = Release|Any CPU
		{9EC5E0E7-24B7-412E-9A31-CB3191133902}.Release|Any CPU.Build.0 = Release|Any CPU
	EndGlobalSection
	GlobalSection(SolutionProperties) = preSolution
		HideSolutionNode = FALSE
	EndGlobalSection
	GlobalSection(ExtensibilityGlobals) = postSolution
		SolutionGuid = {026CC7E0-4225-4779-9E3D-52E5F6440FAF}
	EndGlobalSection
EndGlobal
